
Microsoft Visual Studio Solution File, Format Version 12.00
# Visual Studio Version 17
VisualStudioVersion = 17.6.33829.357
MinimumVisualStudioVersion = 10.0.40219.1
Project("{FAE04EC0-301F-11D3-BF4B-00C04F79EFBC}") = "FullCoffee.Core", "FullCoffee.Core\FullCoffee.Core.csproj", "{C0E4E3D7-AF94-4EBF-B806-5BA9FFF03EF5}"
EndProject
Project("{FAE04EC0-301F-11D3-BF4B-00C04F79EFBC}") = "FullCoffee.Repository", "FullCoffee.Repository\FullCoffee.Repository.csproj", "{B24E012D-EF8B-4C2C-AEB5-D8BD1FD4ADA7}"
EndProject
Project("{FAE04EC0-301F-11D3-BF4B-00C04F79EFBC}") = "FullCoffee.Service", "FullCoffee.Service\FullCoffee.Service.csproj", "{98681FD3-FA92-4717-A33E-D28C6775D894}"
EndProject
Project("{FAE04EC0-301F-11D3-BF4B-00C04F79EFBC}") = "FullCoffee.API", "FullCoffee.API\FullCoffee.API.csproj", "{A48FB183-5A11-4C60-A862-36E082054F17}"
EndProject
Global
	GlobalSection(SolutionConfigurationPlatforms) = preSolution
		Debug|Any CPU = Debug|Any CPU
		Release|Any CPU = Release|Any CPU
	EndGlobalSection
	GlobalSection(ProjectConfigurationPlatforms) = postSolution
		{C0E4E3D7-AF94-4EBF-B806-5BA9FFF03EF5}.Debug|Any CPU.ActiveCfg = Debug|Any CPU
		{C0E4E3D7-AF94-4EBF-B806-5BA9FFF03EF5}.Debug|Any CPU.Build.0 = Debug|Any CPU
		{C0E4E3D7-AF94-4EBF-B806-5BA9FFF03EF5}.Release|Any CPU.ActiveCfg = Release|Any CPU
		{C0E4E3D7-AF94-4EBF-B806-5BA9FFF03EF5}.Release|Any CPU.Build.0 = Release|Any CPU
		{B24E012D-EF8B-4C2C-AEB5-D8BD1FD4ADA7}.Debug|Any CPU.ActiveCfg = Debug|Any CPU
		{B24E012D-EF8B-4C2C-AEB5-D8BD1FD4ADA7}.Debug|Any CPU.Build.0 = Debug|Any CPU
		{B24E012D-EF8B-4C2C-AEB5-D8BD1FD4ADA7}.Release|Any CPU.ActiveCfg = Release|Any CPU
		{B24E012D-EF8B-4C2C-AEB5-D8BD1FD4ADA7}.Release|Any CPU.Build.0 = Release|Any CPU
		{98681FD3-FA92-4717-A33E-D28C6775D894}.Debug|Any CPU.ActiveCfg = Debug|Any CPU
		{98681FD3-FA92-4717-A33E-D28C6775D894}.Debug|Any CPU.Build.0 = Debug|Any CPU
		{98681FD3-FA92-4717-A33E-D28C6775D894}.Release|Any CPU.ActiveCfg = Release|Any CPU
		{98681FD3-FA92-4717-A33E-D28C6775D894}.Release|Any CPU.Build.0 = Release|Any CPU
		{A48FB183-5A11-4C60-A862-36E082054F17}.Debug|Any CPU.ActiveCfg = Debug|Any CPU
		{A48FB183-5A11-4C60-A862-36E082054F17}.Debug|Any CPU.Build.0 = Debug|Any CPU
		{A48FB183-5A11-4C60-A862-36E082054F17}.Release|Any CPU.ActiveCfg = Release|Any CPU
		{A48FB183-5A11-4C60-A862-36E082054F17}.Release|Any CPU.Build.0 = Release|Any CPU
	EndGlobalSection
	GlobalSection(SolutionProperties) = preSolution
		HideSolutionNode = FALSE
	EndGlobalSection
	GlobalSection(ExtensibilityGlobals) = postSolution
		SolutionGuid = {D517D8B7-134C-42C9-99BC-C77AC1933F80}
	EndGlobalSection
EndGlobal
